
Microsoft Visual Studio Solution File, Format Version 12.00
# Visual Studio 15
VisualStudioVersion = 15.0.26730.12
MinimumVisualStudioVersion = 10.0.40219.1
Project("{FAE04EC0-301F-11D3-BF4B-00C04F79EFBC}") = "MikeCypher", "MikeCypher\MikeCypher.csproj", "{EDA2E4EB-054F-4ACE-B526-11DB4DDBF994}"
EndProject
Project("{FAE04EC0-301F-11D3-BF4B-00C04F79EFBC}") = "Adventure Save Editor", "Adventure Save Editor\Adventure Save Editor.csproj", "{58C10018-A364-4B15-890B-235D037733E0}"
EndProject
Global
	GlobalSection(SolutionConfigurationPlatforms) = preSolution
		Debug|Any CPU = Debug|Any CPU
		Release|Any CPU = Release|Any CPU
	EndGlobalSection
	GlobalSection(ProjectConfigurationPlatforms) = postSolution
		{EDA2E4EB-054F-4ACE-B526-11DB4DDBF994}.Debug|Any CPU.ActiveCfg = Debug|Any CPU
		{EDA2E4EB-054F-4ACE-B526-11DB4DDBF994}.Debug|Any CPU.Build.0 = Debug|Any CPU
		{EDA2E4EB-054F-4ACE-B526-11DB4DDBF994}.Release|Any CPU.ActiveCfg = Release|Any CPU
		{EDA2E4EB-054F-4ACE-B526-11DB4DDBF994}.Release|Any CPU.Build.0 = Release|Any CPU
		{58C10018-A364-4B15-890B-235D037733E0}.Debug|Any CPU.ActiveCfg = Debug|Any CPU
		{58C10018-A364-4B15-890B-235D037733E0}.Debug|Any CPU.Build.0 = Debug|Any CPU
		{58C10018-A364-4B15-890B-235D037733E0}.Release|Any CPU.ActiveCfg = Release|Any CPU
		{58C10018-A364-4B15-890B-235D037733E0}.Release|Any CPU.Build.0 = Release|Any CPU
	EndGlobalSection
	GlobalSection(SolutionProperties) = preSolution
		HideSolutionNode = FALSE
	EndGlobalSection
	GlobalSection(ExtensibilityGlobals) = postSolution
		SolutionGuid = {ECB565E4-2628-444F-B96C-A22C5D9B7A57}
	EndGlobalSection
EndGlobal
